
Microsoft Visual Studio Solution File, Format Version 12.00
# Visual Studio 2012
Project("{FAE04EC0-301F-11D3-BF4B-00C04F79EFBC}") = "Web", "Web\Web.csproj", "{A3628996-77F1-4B29-BC91-CD02F96D87E3}"
EndProject
Project("{2150E333-8FDC-42A3-9474-1A3956D46DE8}") = "1.StandardLayer", "1.StandardLayer", "{965A30B6-2AAD-4410-861F-F18323E2FB48}"
EndProject
Project("{FAE04EC0-301F-11D3-BF4B-00C04F79EFBC}") = "DMC.Model", "DMC.Model\DMC.Model.csproj", "{47605332-9EF3-4A04-8928-4B69F3250671}"
EndProject
Project("{FAE04EC0-301F-11D3-BF4B-00C04F79EFBC}") = "DMC.DAL.Script", "DMC.DAL.Script\DMC.DAL.Script.csproj", "{48094E4A-51DA-463A-A1E3-9ED3F7EF7C4D}"
EndProject
Project("{FAE04EC0-301F-11D3-BF4B-00C04F79EFBC}") = "DMC.DAL", "DMC.DAL\DMC.DAL.csproj", "{5354363B-0BB1-43AE-84B2-98B88FD74F8E}"
EndProject
Project("{FAE04EC0-301F-11D3-BF4B-00C04F79EFBC}") = "DMC.BLL", "DMC.BLL\DMC.BLL.csproj", "{5E7B6110-25DD-474C-8B9A-7A5BF11018F6}"
EndProject
Project("{FAE04EC0-301F-11D3-BF4B-00C04F79EFBC}") = "DBCore", "DBCore\DBCore.csproj", "{0368D442-F151-4846-90F8-866FA5917102}"
EndProject
Project("{FAE04EC0-301F-11D3-BF4B-00C04F79EFBC}") = "Utility.HelpClass", "Utility.HelpClass\Utility.HelpClass.csproj", "{1816084B-2521-45E2-AA7E-14BFA3F4B2B5}"
EndProject
Global
	GlobalSection(SubversionScc) = preSolution
		Svn-Managed = True
		Manager = AnkhSVN - Subversion Support for Visual Studio
	EndGlobalSection
	GlobalSection(SolutionConfigurationPlatforms) = preSolution
		Debug|Any CPU = Debug|Any CPU
		Debug|x64 = Debug|x64
		Debug|x86 = Debug|x86
		Release|Any CPU = Release|Any CPU
		Release|x64 = Release|x64
		Release|x86 = Release|x86
	EndGlobalSection
	GlobalSection(ProjectConfigurationPlatforms) = postSolution
		{A3628996-77F1-4B29-BC91-CD02F96D87E3}.Debug|Any CPU.ActiveCfg = Debug|Any CPU
		{A3628996-77F1-4B29-BC91-CD02F96D87E3}.Debug|Any CPU.Build.0 = Debug|Any CPU
		{A3628996-77F1-4B29-BC91-CD02F96D87E3}.Debug|x64.ActiveCfg = Debug|Any CPU
		{A3628996-77F1-4B29-BC91-CD02F96D87E3}.Debug|x64.Build.0 = Debug|Any CPU
		{A3628996-77F1-4B29-BC91-CD02F96D87E3}.Debug|x86.ActiveCfg = Debug|Any CPU
		{A3628996-77F1-4B29-BC91-CD02F96D87E3}.Debug|x86.Build.0 = Debug|Any CPU
		{A3628996-77F1-4B29-BC91-CD02F96D87E3}.Release|Any CPU.ActiveCfg = Release|Any CPU
		{A3628996-77F1-4B29-BC91-CD02F96D87E3}.Release|Any CPU.Build.0 = Release|Any CPU
		{A3628996-77F1-4B29-BC91-CD02F96D87E3}.Release|x64.ActiveCfg = Release|Any CPU
		{A3628996-77F1-4B29-BC91-CD02F96D87E3}.Release|x64.Build.0 = Release|Any CPU
		{A3628996-77F1-4B29-BC91-CD02F96D87E3}.Release|x86.ActiveCfg = Release|Any CPU
		{A3628996-77F1-4B29-BC91-CD02F96D87E3}.Release|x86.Build.0 = Release|Any CPU
		{47605332-9EF3-4A04-8928-4B69F3250671}.Debug|Any CPU.ActiveCfg = Debug|Any CPU
		{47605332-9EF3-4A04-8928-4B69F3250671}.Debug|Any CPU.Build.0 = Debug|Any CPU
		{47605332-9EF3-4A04-8928-4B69F3250671}.Debug|x64.ActiveCfg = Debug|Any CPU
		{47605332-9EF3-4A04-8928-4B69F3250671}.Debug|x64.Build.0 = Debug|Any CPU
		{47605332-9EF3-4A04-8928-4B69F3250671}.Debug|x86.ActiveCfg = Debug|Any CPU
		{47605332-9EF3-4A04-8928-4B69F3250671}.Debug|x86.Build.0 = Debug|Any CPU
		{47605332-9EF3-4A04-8928-4B69F3250671}.Release|Any CPU.ActiveCfg = Release|Any CPU
		{47605332-9EF3-4A04-8928-4B69F3250671}.Release|Any CPU.Build.0 = Release|Any CPU
		{47605332-9EF3-4A04-8928-4B69F3250671}.Release|x64.ActiveCfg = Release|Any CPU
		{47605332-9EF3-4A04-8928-4B69F3250671}.Release|x64.Build.0 = Release|Any CPU
		{47605332-9EF3-4A04-8928-4B69F3250671}.Release|x86.ActiveCfg = Release|Any CPU
		{47605332-9EF3-4A04-8928-4B69F3250671}.Release|x86.Build.0 = Release|Any CPU
		{48094E4A-51DA-463A-A1E3-9ED3F7EF7C4D}.Debug|Any CPU.ActiveCfg = Debug|Any CPU
		{48094E4A-51DA-463A-A1E3-9ED3F7EF7C4D}.Debug|Any CPU.Build.0 = Debug|Any CPU
		{48094E4A-51DA-463A-A1E3-9ED3F7EF7C4D}.Debug|x64.ActiveCfg = Debug|Any CPU
		{48094E4A-51DA-463A-A1E3-9ED3F7EF7C4D}.Debug|x64.Build.0 = Debug|Any CPU
		{48094E4A-51DA-463A-A1E3-9ED3F7EF7C4D}.Debug|x86.ActiveCfg = Debug|Any CPU
		{48094E4A-51DA-463A-A1E3-9ED3F7EF7C4D}.Debug|x86.Build.0 = Debug|Any CPU
		{48094E4A-51DA-463A-A1E3-9ED3F7EF7C4D}.Release|Any CPU.ActiveCfg = Release|Any CPU
		{48094E4A-51DA-463A-A1E3-9ED3F7EF7C4D}.Release|Any CPU.Build.0 = Release|Any CPU
		{48094E4A-51DA-463A-A1E3-9ED3F7EF7C4D}.Release|x64.ActiveCfg = Release|Any CPU
		{48094E4A-51DA-463A-A1E3-9ED3F7EF7C4D}.Release|x64.Build.0 = Release|Any CPU
		{48094E4A-51DA-463A-A1E3-9ED3F7EF7C4D}.Release|x86.ActiveCfg = Release|Any CPU
		{48094E4A-51DA-463A-A1E3-9ED3F7EF7C4D}.Release|x86.Build.0 = Release|Any CPU
		{5354363B-0BB1-43AE-84B2-98B88FD74F8E}.Debug|Any CPU.ActiveCfg = Debug|Any CPU
		{5354363B-0BB1-43AE-84B2-98B88FD74F8E}.Debug|Any CPU.Build.0 = Debug|Any CPU
		{5354363B-0BB1-43AE-84B2-98B88FD74F8E}.Debug|x64.ActiveCfg = Debug|Any CPU
		{5354363B-0BB1-43AE-84B2-98B88FD74F8E}.Debug|x64.Build.0 = Debug|Any CPU
		{5354363B-0BB1-43AE-84B2-98B88FD74F8E}.Debug|x86.ActiveCfg = Debug|Any CPU
		{5354363B-0BB1-43AE-84B2-98B88FD74F8E}.Debug|x86.Build.0 = Debug|Any CPU
		{5354363B-0BB1-43AE-84B2-98B88FD74F8E}.Release|Any CPU.ActiveCfg = Release|Any CPU
		{5354363B-0BB1-43AE-84B2-98B88FD74F8E}.Release|Any CPU.Build.0 = Release|Any CPU
		{5354363B-0BB1-43AE-84B2-98B88FD74F8E}.Release|x64.ActiveCfg = Release|Any CPU
		{5354363B-0BB1-43AE-84B2-98B88FD74F8E}.Release|x64.Build.0 = Release|Any CPU
		{5354363B-0BB1-43AE-84B2-98B88FD74F8E}.Release|x86.ActiveCfg = Release|Any CPU
		{5354363B-0BB1-43AE-84B2-98B88FD74F8E}.Release|x86.Build.0 = Release|Any CPU
		{5E7B6110-25DD-474C-8B9A-7A5BF11018F6}.Debug|Any CPU.ActiveCfg = Debug|Any CPU
		{5E7B6110-25DD-474C-8B9A-7A5BF11018F6}.Debug|Any CPU.Build.0 = Debug|Any CPU
		{5E7B6110-25DD-474C-8B9A-7A5BF11018F6}.Debug|x64.ActiveCfg = Debug|Any CPU
		{5E7B6110-25DD-474C-8B9A-7A5BF11018F6}.Debug|x64.Build.0 = Debug|Any CPU
		{5E7B6110-25DD-474C-8B9A-7A5BF11018F6}.Debug|x86.ActiveCfg = Debug|Any CPU
		{5E7B6110-25DD-474C-8B9A-7A5BF11018F6}.Debug|x86.Build.0 = Debug|Any CPU
		{5E7B6110-25DD-474C-8B9A-7A5BF11018F6}.Release|Any CPU.ActiveCfg = Release|Any CPU
		{5E7B6110-25DD-474C-8B9A-7A5BF11018F6}.Release|Any CPU.Build.0 = Release|Any CPU
		{5E7B6110-25DD-474C-8B9A-7A5BF11018F6}.Release|x64.ActiveCfg = Release|Any CPU
		{5E7B6110-25DD-474C-8B9A-7A5BF11018F6}.Release|x64.Build.0 = Release|Any CPU
		{5E7B6110-25DD-474C-8B9A-7A5BF11018F6}.Release|x86.ActiveCfg = Release|Any CPU
		{5E7B6110-25DD-474C-8B9A-7A5BF11018F6}.Release|x86.Build.0 = Release|Any CPU
		{0368D442-F151-4846-90F8-866FA5917102}.Debug|Any CPU.ActiveCfg = Debug|Any CPU
		{0368D442-F151-4846-90F8-866FA5917102}.Debug|Any CPU.Build.0 = Debug|Any CPU
		{0368D442-F151-4846-90F8-866FA5917102}.Debug|x64.ActiveCfg = Debug|Any CPU
		{0368D442-F151-4846-90F8-866FA5917102}.Debug|x64.Build.0 = Debug|Any CPU
		{0368D442-F151-4846-90F8-866FA5917102}.Debug|x86.ActiveCfg = Debug|Any CPU
		{0368D442-F151-4846-90F8-866FA5917102}.Debug|x86.Build.0 = Debug|Any CPU
		{0368D442-F151-4846-90F8-866FA5917102}.Release|Any CPU.ActiveCfg = Release|Any CPU
		{0368D442-F151-4846-90F8-866FA5917102}.Release|Any CPU.Build.0 = Release|Any CPU
		{0368D442-F151-4846-90F8-866FA5917102}.Release|x64.ActiveCfg = Release|Any CPU
		{0368D442-F151-4846-90F8-866FA5917102}.Release|x64.Build.0 = Release|Any CPU
		{0368D442-F151-4846-90F8-866FA5917102}.Release|x86.ActiveCfg = Release|Any CPU
		{0368D442-F151-4846-90F8-866FA5917102}.Release|x86.Build.0 = Release|Any CPU
		{1816084B-2521-45E2-AA7E-14BFA3F4B2B5}.Debug|Any CPU.ActiveCfg = Debug|Any CPU
		{1816084B-2521-45E2-AA7E-14BFA3F4B2B5}.Debug|Any CPU.Build.0 = Debug|Any CPU
		{1816084B-2521-45E2-AA7E-14BFA3F4B2B5}.Debug|x64.ActiveCfg = Debug|Any CPU
		{1816084B-2521-45E2-AA7E-14BFA3F4B2B5}.Debug|x64.Build.0 = Debug|Any CPU
		{1816084B-2521-45E2-AA7E-14BFA3F4B2B5}.Debug|x86.ActiveCfg = Debug|Any CPU
		{1816084B-2521-45E2-AA7E-14BFA3F4B2B5}.Debug|x86.Build.0 = Debug|Any CPU
		{1816084B-2521-45E2-AA7E-14BFA3F4B2B5}.Release|Any CPU.ActiveCfg = Release|Any CPU
		{1816084B-2521-45E2-AA7E-14BFA3F4B2B5}.Release|Any CPU.Build.0 = Release|Any CPU
		{1816084B-2521-45E2-AA7E-14BFA3F4B2B5}.Release|x64.ActiveCfg = Release|Any CPU
		{1816084B-2521-45E2-AA7E-14BFA3F4B2B5}.Release|x64.Build.0 = Release|Any CPU
		{1816084B-2521-45E2-AA7E-14BFA3F4B2B5}.Release|x86.ActiveCfg = Release|Any CPU
		{1816084B-2521-45E2-AA7E-14BFA3F4B2B5}.Release|x86.Build.0 = Release|Any CPU
	EndGlobalSection
	GlobalSection(SolutionProperties) = preSolution
		HideSolutionNode = FALSE
	EndGlobalSection
	GlobalSection(NestedProjects) = preSolution
		{47605332-9EF3-4A04-8928-4B69F3250671} = {965A30B6-2AAD-4410-861F-F18323E2FB48}
		{48094E4A-51DA-463A-A1E3-9ED3F7EF7C4D} = {965A30B6-2AAD-4410-861F-F18323E2FB48}
		{5354363B-0BB1-43AE-84B2-98B88FD74F8E} = {965A30B6-2AAD-4410-861F-F18323E2FB48}
		{5E7B6110-25DD-474C-8B9A-7A5BF11018F6} = {965A30B6-2AAD-4410-861F-F18323E2FB48}
		{0368D442-F151-4846-90F8-866FA5917102} = {965A30B6-2AAD-4410-861F-F18323E2FB48}
		{1816084B-2521-45E2-AA7E-14BFA3F4B2B5} = {965A30B6-2AAD-4410-861F-F18323E2FB48}
	EndGlobalSection
EndGlobal
